// !$*UTF8*$!
{
	archiveVersion = 1;
	classes = {
	};
	objectVersion = 56;
	objects = {

/* Begin PBXBuildFile section */
		573BDF942A6C7FC80077DE45 /* ios_Network_CalculatorApp.swift in Sources */ = {isa = PBXBuildFile; fileRef = 573BDF932A6C7FC80077DE45 /* ios_Network_CalculatorApp.swift */; };
		573BDF962A6C7FC80077DE45 /* ContentView.swift in Sources */ = {isa = PBXBuildFile; fileRef = 573BDF952A6C7FC80077DE45 /* ContentView.swift */; };
		573BDF982A6C7FCB0077DE45 /* Assets.xcassets in Resources */ = {isa = PBXBuildFile; fileRef = 573BDF972A6C7FCB0077DE45 /* Assets.xcassets */; };
		573BDF9B2A6C7FCB0077DE45 /* Preview Assets.xcassets in Resources */ = {isa = PBXBuildFile; fileRef = 573BDF9A2A6C7FCB0077DE45 /* Preview Assets.xcassets */; };
		573BDFA52A6C7FCB0077DE45 /* ios_Network_CalculatorTests.swift in Sources */ = {isa = PBXBuildFile; fileRef = 573BDFA42A6C7FCB0077DE45 /* ios_Network_CalculatorTests.swift */; };
		573BDFAF2A6C7FCB0077DE45 /* ios_Network_CalculatorUITests.swift in Sources */ = {isa = PBXBuildFile; fileRef = 573BDFAE2A6C7FCB0077DE45 /* ios_Network_CalculatorUITests.swift */; };
		573BDFB12A6C7FCB0077DE45 /* ios_Network_CalculatorUITestsLaunchTests.swift in Sources */ = {isa = PBXBuildFile; fileRef = 573BDFB02A6C7FCB0077DE45 /* ios_Network_CalculatorUITestsLaunchTests.swift */; };
/* End PBXBuildFile section */

/* Begin PBXContainerItemProxy section */
		573BDFA12A6C7FCB0077DE45 /* PBXContainerItemProxy */ = {
			isa = PBXContainerItemProxy;
			containerPortal = 573BDF882A6C7FC80077DE45 /* Project object */;
			proxyType = 1;
			remoteGlobalIDString = 573BDF8F2A6C7FC80077DE45;
			remoteInfo = "ios Network Calculator";
		};
		573BDFAB2A6C7FCB0077DE45 /* PBXContainerItemProxy */ = {
			isa = PBXContainerItemProxy;
			containerPortal = 573BDF882A6C7FC80077DE45 /* Project object */;
			proxyType = 1;
			remoteGlobalIDString = 573BDF8F2A6C7FC80077DE45;
			remoteInfo = "ios Network Calculator";
		};
/* End PBXContainerItemProxy section */

/* Begin PBXFileReference section */
		573BDF902A6C7FC80077DE45 /* ios Network Calculator.app */ = {isa = PBXFileReference; explicitFileType = wrapper.application; includeInIndex = 0; path = "ios Network Calculator.app"; sourceTree = BUILT_PRODUCTS_DIR; };
		573BDF932A6C7FC80077DE45 /* ios_Network_CalculatorApp.swift */ = {isa = PBXFileReference; lastKnownFileType = sourcecode.swift; path = ios_Network_CalculatorApp.swift; sourceTree = "<group>"; };
		573BDF952A6C7FC80077DE45 /* ContentView.swift */ = {isa = PBXFileReference; lastKnownFileType = sourcecode.swift; path = ContentView.swift; sourceTree = "<group>"; };
		573BDF972A6C7FCB0077DE45 /* Assets.xcassets */ = {isa = PBXFileReference; lastKnownFileType = folder.assetcatalog; path = Assets.xcassets; sourceTree = "<group>"; };
		573BDF9A2A6C7FCB0077DE45 /* Preview Assets.xcassets */ = {isa = PBXFileReference; lastKnownFileType = folder.assetcatalog; path = "Preview Assets.xcassets"; sourceTree = "<group>"; };
		573BDFA02A6C7FCB0077DE45 /* ios Network CalculatorTests.xctest */ = {isa = PBXFileReference; explicitFileType = wrapper.cfbundle; includeInIndex = 0; path = "ios Network CalculatorTests.xctest"; sourceTree = BUILT_PRODUCTS_DIR; };
		573BDFA42A6C7FCB0077DE45 /* ios_Network_CalculatorTests.swift */ = {isa = PBXFileReference; lastKnownFileType = sourcecode.swift; path = ios_Network_CalculatorTests.swift; sourceTree = "<group>"; };
		573BDFAA2A6C7FCB0077DE45 /* ios Network CalculatorUITests.xctest */ = {isa = PBXFileReference; explicitFileType = wrapper.cfbundle; includeInIndex = 0; path = "ios Network CalculatorUITests.xctest"; sourceTree = BUILT_PRODUCTS_DIR; };
		573BDFAE2A6C7FCB0077DE45 /* ios_Network_CalculatorUITests.swift */ = {isa = PBXFileReference; lastKnownFileType = sourcecode.swift; path = ios_Network_CalculatorUITests.swift; sourceTree = "<group>"; };
		573BDFB02A6C7FCB0077DE45 /* ios_Network_CalculatorUITestsLaunchTests.swift */ = {isa = PBXFileReference; lastKnownFileType = sourcecode.swift; path = ios_Network_CalculatorUITestsLaunchTests.swift; sourceTree = "<group>"; };
/* End PBXFileReference section */

/* Begin PBXFrameworksBuildPhase section */
		573BDF8D2A6C7FC80077DE45 /* Frameworks */ = {
			isa = PBXFrameworksBuildPhase;
			buildActionMask = 2147483647;
			files = (
			);
			runOnlyForDeploymentPostprocessing = 0;
		};
		573BDF9D2A6C7FCB0077DE45 /* Frameworks */ = {
			isa = PBXFrameworksBuildPhase;
			buildActionMask = 2147483647;
			files = (
			);
			runOnlyForDeploymentPostprocessing = 0;
		};
		573BDFA72A6C7FCB0077DE45 /* Frameworks */ = {
			isa = PBXFrameworksBuildPhase;
			buildActionMask = 2147483647;
			files = (
			);
			runOnlyForDeploymentPostprocessing = 0;
		};
/* End PBXFrameworksBuildPhase section */

/* Begin PBXGroup section */
		573BDF872A6C7FC80077DE45 = {
			isa = PBXGroup;
			children = (
				573BDF922A6C7FC80077DE45 /* ios Network Calculator */,
				573BDFA32A6C7FCB0077DE45 /* ios Network CalculatorTests */,
				573BDFAD2A6C7FCB0077DE45 /* ios Network CalculatorUITests */,
				573BDF912A6C7FC80077DE45 /* Products */,
			);
			sourceTree = "<group>";
		};
		573BDF912A6C7FC80077DE45 /* Products */ = {
			isa = PBXGroup;
			children = (
				573BDF902A6C7FC80077DE45 /* ios Network Calculator.app */,
				573BDFA02A6C7FCB0077DE45 /* ios Network CalculatorTests.xctest */,
				573BDFAA2A6C7FCB0077DE45 /* ios Network CalculatorUITests.xctest */,
			);
			name = Products;
			sourceTree = "<group>";
		};
		573BDF922A6C7FC80077DE45 /* ios Network Calculator */ = {
			isa = PBXGroup;
			children = (
				573BDF932A6C7FC80077DE45 /* ios_Network_CalculatorApp.swift */,
				573BDF952A6C7FC80077DE45 /* ContentView.swift */,
				573BDF972A6C7FCB0077DE45 /* Assets.xcassets */,
				573BDF992A6C7FCB0077DE45 /* Preview Content */,
			);
			path = "ios Network Calculator";
			sourceTree = "<group>";
		};
		573BDF992A6C7FCB0077DE45 /* Preview Content */ = {
			isa = PBXGroup;
			children = (
				573BDF9A2A6C7FCB0077DE45 /* Preview Assets.xcassets */,
			);
			path = "Preview Content";
			sourceTree = "<group>";
		};
		573BDFA32A6C7FCB0077DE45 /* ios Network CalculatorTests */ = {
			isa = PBXGroup;
			children = (
				573BDFA42A6C7FCB0077DE45 /* ios_Network_CalculatorTests.swift */,
			);
			path = "ios Network CalculatorTests";
			sourceTree = "<group>";
		};
		573BDFAD2A6C7FCB0077DE45 /* ios Network CalculatorUITests */ = {
			isa = PBXGroup;
			children = (
				573BDFAE2A6C7FCB0077DE45 /* ios_Network_CalculatorUITests.swift */,
				573BDFB02A6C7FCB0077DE45 /* ios_Network_CalculatorUITestsLaunchTests.swift */,
			);
			path = "ios Network CalculatorUITests";
			sourceTree = "<group>";
		};
/* End PBXGroup section */

/* Begin PBXNativeTarget section */
		573BDF8F2A6C7FC80077DE45 /* ios Network Calculator */ = {
			isa = PBXNativeTarget;
			buildConfigurationList = 573BDFB42A6C7FCB0077DE45 /* Build configuration list for PBXNativeTarget "ios Network Calculator" */;
			buildPhases = (
				573BDF8C2A6C7FC80077DE45 /* Sources */,
				573BDF8D2A6C7FC80077DE45 /* Frameworks */,
				573BDF8E2A6C7FC80077DE45 /* Resources */,
			);
			buildRules = (
			);
			dependencies = (
			);
			name = "ios Network Calculator";
			productName = "ios Network Calculator";
			productReference = 573BDF902A6C7FC80077DE45 /* ios Network Calculator.app */;
			productType = "com.apple.product-type.application";
		};
		573BDF9F2A6C7FCB0077DE45 /* ios Network CalculatorTests */ = {
			isa = PBXNativeTarget;
			buildConfigurationList = 573BDFB72A6C7FCB0077DE45 /* Build configuration list for PBXNativeTarget "ios Network CalculatorTests" */;
			buildPhases = (
				573BDF9C2A6C7FCB0077DE45 /* Sources */,
				573BDF9D2A6C7FCB0077DE45 /* Frameworks */,
				573BDF9E2A6C7FCB0077DE45 /* Resources */,
			);
			buildRules = (
			);
			dependencies = (
				573BDFA22A6C7FCB0077DE45 /* PBXTargetDependency */,
			);
			name = "ios Network CalculatorTests";
			productName = "ios Network CalculatorTests";
			productReference = 573BDFA02A6C7FCB0077DE45 /* ios Network CalculatorTests.xctest */;
			productType = "com.apple.product-type.bundle.unit-test";
		};
		573BDFA92A6C7FCB0077DE45 /* ios Network CalculatorUITests */ = {
			isa = PBXNativeTarget;
			buildConfigurationList = 573BDFBA2A6C7FCB0077DE45 /* Build configuration list for PBXNativeTarget "ios Network CalculatorUITests" */;
			buildPhases = (
				573BDFA62A6C7FCB0077DE45 /* Sources */,
				573BDFA72A6C7FCB0077DE45 /* Frameworks */,
				573BDFA82A6C7FCB0077DE45 /* Resources */,
			);
			buildRules = (
			);
			dependencies = (
				573BDFAC2A6C7FCB0077DE45 /* PBXTargetDependency */,
			);
			name = "ios Network CalculatorUITests";
			productName = "ios Network CalculatorUITests";
			productReference = 573BDFAA2A6C7FCB0077DE45 /* ios Network CalculatorUITests.xctest */;
			productType = "com.apple.product-type.bundle.ui-testing";
		};
/* End PBXNativeTarget section */

/* Begin PBXProject section */
		573BDF882A6C7FC80077DE45 /* Project object */ = {
			isa = PBXProject;
			attributes = {
				BuildIndependentTargetsInParallel = 1;
				LastSwiftUpdateCheck = 1500;
				LastUpgradeCheck = 1500;
				TargetAttributes = {
					573BDF8F2A6C7FC80077DE45 = {
						CreatedOnToolsVersion = 15.0;
					};
					573BDF9F2A6C7FCB0077DE45 = {
						CreatedOnToolsVersion = 15.0;
						TestTargetID = 573BDF8F2A6C7FC80077DE45;
					};
					573BDFA92A6C7FCB0077DE45 = {
						CreatedOnToolsVersion = 15.0;
						TestTargetID = 573BDF8F2A6C7FC80077DE45;
					};
				};
			};
			buildConfigurationList = 573BDF8B2A6C7FC80077DE45 /* Build configuration list for PBXProject "ios Network Calculator" */;
			compatibilityVersion = "Xcode 14.0";
			developmentRegion = en;
			hasScannedForEncodings = 0;
			knownRegions = (
				en,
				Base,
			);
			mainGroup = 573BDF872A6C7FC80077DE45;
			productRefGroup = 573BDF912A6C7FC80077DE45 /* Products */;
			projectDirPath = "";
			projectRoot = "";
			targets = (
				573BDF8F2A6C7FC80077DE45 /* ios Network Calculator */,
				573BDF9F2A6C7FCB0077DE45 /* ios Network CalculatorTests */,
				573BDFA92A6C7FCB0077DE45 /* ios Network CalculatorUITests */,
			);
		};
/* End PBXProject section */

/* Begin PBXResourcesBuildPhase section */
		573BDF8E2A6C7FC80077DE45 /* Resources */ = {
			isa = PBXResourcesBuildPhase;
			buildActionMask = 2147483647;
			files = (
				573BDF9B2A6C7FCB0077DE45 /* Preview Assets.xcassets in Resources */,
				573BDF982A6C7FCB0077DE45 /* Assets.xcassets in Resources */,
			);
			runOnlyForDeploymentPostprocessing = 0;
		};
		573BDF9E2A6C7FCB0077DE45 /* Resources */ = {
			isa = PBXResourcesBuildPhase;
			buildActionMask = 2147483647;
			files = (
			);
			runOnlyForDeploymentPostprocessing = 0;
		};
		573BDFA82A6C7FCB0077DE45 /* Resources */ = {
			isa = PBXResourcesBuildPhase;
			buildActionMask = 2147483647;
			files = (
			);
			runOnlyForDeploymentPostprocessing = 0;
		};
/* End PBXResourcesBuildPhase section */

/* Begin PBXSourcesBuildPhase section */
		573BDF8C2A6C7FC80077DE45 /* Sources */ = {
			isa = PBXSourcesBuildPhase;
			buildActionMask = 2147483647;
			files = (
				573BDF962A6C7FC80077DE45 /* ContentView.swift in Sources */,
				573BDF942A6C7FC80077DE45 /* ios_Network_CalculatorApp.swift in Sources */,
			);
			runOnlyForDeploymentPostprocessing = 0;
		};
		573BDF9C2A6C7FCB0077DE45 /* Sources */ = {
			isa = PBXSourcesBuildPhase;
			buildActionMask = 2147483647;
			files = (
				573BDFA52A6C7FCB0077DE45 /* ios_Network_CalculatorTests.swift in Sources */,
			);
			runOnlyForDeploymentPostprocessing = 0;
		};
		573BDFA62A6C7FCB0077DE45 /* Sources */ = {
			isa = PBXSourcesBuildPhase;
			buildActionMask = 2147483647;
			files = (
				573BDFAF2A6C7FCB0077DE45 /* ios_Network_CalculatorUITests.swift in Sources */,
				573BDFB12A6C7FCB0077DE45 /* ios_Network_CalculatorUITestsLaunchTests.swift in Sources */,
			);
			runOnlyForDeploymentPostprocessing = 0;
		};
/* End PBXSourcesBuildPhase section */

/* Begin PBXTargetDependency section */
		573BDFA22A6C7FCB0077DE45 /* PBXTargetDependency */ = {
			isa = PBXTargetDependency;
			target = 573BDF8F2A6C7FC80077DE45 /* ios Network Calculator */;
			targetProxy = 573BDFA12A6C7FCB0077DE45 /* PBXContainerItemProxy */;
		};
		573BDFAC2A6C7FCB0077DE45 /* PBXTargetDependency */ = {
			isa = PBXTargetDependency;
			target = 573BDF8F2A6C7FC80077DE45 /* ios Network Calculator */;
			targetProxy = 573BDFAB2A6C7FCB0077DE45 /* PBXContainerItemProxy */;
		};
/* End PBXTargetDependency section */

/* Begin XCBuildConfiguration section */
		573BDFB22A6C7FCB0077DE45 /* Debug */ = {
			isa = XCBuildConfiguration;
			buildSettings = {
				ALWAYS_SEARCH_USER_PATHS = NO;
				ASSETCATALOG_COMPILER_GENERATE_SWIFT_ASSET_SYMBOL_EXTENSIONS = YES;
				CLANG_ANALYZER_NONNULL = YES;
				CLANG_ANALYZER_NUMBER_OBJECT_CONVERSION = YES_AGGRESSIVE;
				CLANG_CXX_LANGUAGE_STANDARD = "gnu++20";
				CLANG_ENABLE_MODULES = YES;
				CLANG_ENABLE_OBJC_ARC = YES;
				CLANG_ENABLE_OBJC_WEAK = YES;
				CLANG_WARN_BLOCK_CAPTURE_AUTORELEASING = YES;
				CLANG_WARN_BOOL_CONVERSION = YES;
				CLANG_WARN_COMMA = YES;
				CLANG_WARN_CONSTANT_CONVERSION = YES;
				CLANG_WARN_DEPRECATED_OBJC_IMPLEMENTATIONS = YES;
				CLANG_WARN_DIRECT_OBJC_ISA_USAGE = YES_ERROR;
				CLANG_WARN_DOCUMENTATION_COMMENTS = YES;
				CLANG_WARN_EMPTY_BODY = YES;
				CLANG_WARN_ENUM_CONVERSION = YES;
				CLANG_WARN_INFINITE_RECURSION = YES;
				CLANG_WARN_INT_CONVERSION = YES;
				CLANG_WARN_NON_LITERAL_NULL_CONVERSION = YES;
				CLANG_WARN_OBJC_IMPLICIT_RETAIN_SELF = YES;
				CLANG_WARN_OBJC_LITERAL_CONVERSION = YES;
				CLANG_WARN_OBJC_ROOT_CLASS = YES_ERROR;
				CLANG_WARN_QUOTED_INCLUDE_IN_FRAMEWORK_HEADER = YES;
				CLANG_WARN_RANGE_LOOP_ANALYSIS = YES;
				CLANG_WARN_STRICT_PROTOTYPES = YES;
				CLANG_WARN_SUSPICIOUS_MOVE = YES;
				CLANG_WARN_UNGUARDED_AVAILABILITY = YES_AGGRESSIVE;
				CLANG_WARN_UNREACHABLE_CODE = YES;
				CLANG_WARN__DUPLICATE_METHOD_MATCH = YES;
				COPY_PHASE_STRIP = NO;
				DEBUG_INFORMATION_FORMAT = dwarf;
				ENABLE_STRICT_OBJC_MSGSEND = YES;
				ENABLE_TESTABILITY = YES;
				ENABLE_USER_SCRIPT_SANDBOXING = YES;
				GCC_C_LANGUAGE_STANDARD = gnu17;
				GCC_DYNAMIC_NO_PIC = NO;
				GCC_NO_COMMON_BLOCKS = YES;
				GCC_OPTIMIZATION_LEVEL = 0;
				GCC_PREPROCESSOR_DEFINITIONS = (
					"DEBUG=1",
					"$(inherited)",
				);
				GCC_WARN_64_TO_32_BIT_CONVERSION = YES;
				GCC_WARN_ABOUT_RETURN_TYPE = YES_ERROR;
				GCC_WARN_UNDECLARED_SELECTOR = YES;
				GCC_WARN_UNINITIALIZED_AUTOS = YES_AGGRESSIVE;
				GCC_WARN_UNUSED_FUNCTION = YES;
				GCC_WARN_UNUSED_VARIABLE = YES;
				IPHONEOS_DEPLOYMENT_TARGET = 17.0;
				LOCALIZATION_PREFERS_STRING_CATALOGS = YES;
				MTL_ENABLE_DEBUG_INFO = INCLUDE_SOURCE;
				MTL_FAST_MATH = YES;
				ONLY_ACTIVE_ARCH = YES;
				SDKROOT = iphoneos;
				SWIFT_ACTIVE_COMPILATION_CONDITIONS = "DEBUG $(inherited)";
				SWIFT_OPTIMIZATION_LEVEL = "-Onone";
			};
			name = Debug;
		};
		573BDFB32A6C7FCB0077DE45 /* Release */ = {
			isa = XCBuildConfiguration;
			buildSettings = {
				ALWAYS_SEARCH_USER_PATHS = NO;
				ASSETCATALOG_COMPILER_GENERATE_SWIFT_ASSET_SYMBOL_EXTENSIONS = YES;
				CLANG_ANALYZER_NONNULL = YES;
				CLANG_ANALYZER_NUMBER_OBJECT_CONVERSION = YES_AGGRESSIVE;
				CLANG_CXX_LANGUAGE_STANDARD = "gnu++20";
				CLANG_ENABLE_MODULES = YES;
				CLANG_ENABLE_OBJC_ARC = YES;
				CLANG_ENABLE_OBJC_WEAK = YES;
				CLANG_WARN_BLOCK_CAPTURE_AUTORELEASING = YES;
				CLANG_WARN_BOOL_CONVERSION = YES;
				CLANG_WARN_COMMA = YES;
				CLANG_WARN_CONSTANT_CONVERSION = YES;
				CLANG_WARN_DEPRECATED_OBJC_IMPLEMENTATIONS = YES;
				CLANG_WARN_DIRECT_OBJC_ISA_USAGE = YES_ERROR;
				CLANG_WARN_DOCUMENTATION_COMMENTS = YES;
				CLANG_WARN_EMPTY_BODY = YES;
				CLANG_WARN_ENUM_CONVERSION = YES;
				CLANG_WARN_INFINITE_RECURSION = YES;
				CLANG_WARN_INT_CONVERSION = YES;
				CLANG_WARN_NON_LITERAL_NULL_CONVERSION = YES;
				CLANG_WARN_OBJC_IMPLICIT_RETAIN_SELF = YES;
				CLANG_WARN_OBJC_LITERAL_CONVERSION = YES;
				CLANG_WARN_OBJC_ROOT_CLASS = YES_ERROR;
				CLANG_WARN_QUOTED_INCLUDE_IN_FRAMEWORK_HEADER = YES;
				CLANG_WARN_RANGE_LOOP_ANALYSIS = YES;
				CLANG_WARN_STRICT_PROTOTYPES = YES;
				CLANG_WARN_SUSPICIOUS_MOVE = YES;
				CLANG_WARN_UNGUARDED_AVAILABILITY = YES_AGGRESSIVE;
				CLANG_WARN_UNREACHABLE_CODE = YES;
				CLANG_WARN__DUPLICATE_METHOD_MATCH = YES;
				COPY_PHASE_STRIP = NO;
				DEBUG_INFORMATION_FORMAT = "dwarf-with-dsym";
				ENABLE_NS_ASSERTIONS = NO;
				ENABLE_STRICT_OBJC_MSGSEND = YES;
				ENABLE_USER_SCRIPT_SANDBOXING = YES;
				GCC_C_LANGUAGE_STANDARD = gnu17;
				GCC_NO_COMMON_BLOCKS = YES;
				GCC_WARN_64_TO_32_BIT_CONVERSION = YES;
				GCC_WARN_ABOUT_RETURN_TYPE = YES_ERROR;
				GCC_WARN_UNDECLARED_SELECTOR = YES;
				GCC_WARN_UNINITIALIZED_AUTOS = YES_AGGRESSIVE;
				GCC_WARN_UNUSED_FUNCTION = YES;
				GCC_WARN_UNUSED_VARIABLE = YES;
				IPHONEOS_DEPLOYMENT_TARGET = 17.0;
				LOCALIZATION_PREFERS_STRING_CATALOGS = YES;
				MTL_ENABLE_DEBUG_INFO = NO;
				MTL_FAST_MATH = YES;
				SDKROOT = iphoneos;
				SWIFT_COMPILATION_MODE = wholemodule;
				VALIDATE_PRODUCT = YES;
			};
			name = Release;
		};
		573BDFB52A6C7FCB0077DE45 /* Debug */ = {
			isa = XCBuildConfiguration;
			buildSettings = {
				ASSETCATALOG_COMPILER_APPICON_NAME = AppIcon;
				ASSETCATALOG_COMPILER_GLOBAL_ACCENT_COLOR_NAME = AccentColor;
				CODE_SIGN_STYLE = Automatic;
				CURRENT_PROJECT_VERSION = 1;
				DEVELOPMENT_ASSET_PATHS = "\"ios Network Calculator/Preview Content\"";
				ENABLE_PREVIEWS = YES;
				GENERATE_INFOPLIST_FILE = YES;
				INFOPLIST_KEY_UIApplicationSceneManifest_Generation = YES;
				INFOPLIST_KEY_UIApplicationSupportsIndirectInputEvents = YES;
				INFOPLIST_KEY_UILaunchScreen_Generation = YES;
				INFOPLIST_KEY_UISupportedInterfaceOrientations_iPad = "UIInterfaceOrientationPortrait UIInterfaceOrientationPortraitUpsideDown UIInterfaceOrientationLandscapeLeft UIInterfaceOrientationLandscapeRight";
				INFOPLIST_KEY_UISupportedInterfaceOrientations_iPhone = "UIInterfaceOrientationPortrait UIInterfaceOrientationLandscapeLeft UIInterfaceOrientationLandscapeRight";
				LD_RUNPATH_SEARCH_PATHS = (
					"$(inherited)",
					"@executable_path/Frameworks",
				);
				MARKETING_VERSION = 1.0;
				PRODUCT_BUNDLE_IDENTIFIER = "victory.ios-Network-Calculator";
				PRODUCT_NAME = "$(TARGET_NAME)";
				SWIFT_EMIT_LOC_STRINGS = YES;
				SWIFT_VERSION = 5.0;
				TARGETED_DEVICE_FAMILY = "1,2";
			};
			name = Debug;
		};
		573BDFB62A6C7FCB0077DE45 /* Release */ = {
			isa = XCBuildConfiguration;
			buildSettings = {
				ASSETCATALOG_COMPILER_APPICON_NAME = AppIcon;
				ASSETCATALOG_COMPILER_GLOBAL_ACCENT_COLOR_NAME = AccentColor;
				CODE_SIGN_STYLE = Automatic;
				CURRENT_PROJECT_VERSION = 1;
				DEVELOPMENT_ASSET_PATHS = "\"ios Network Calculator/Preview Content\"";
				ENABLE_PREVIEWS = YES;
				GENERATE_INFOPLIST_FILE = YES;
				INFOPLIST_KEY_UIApplicationSceneManifest_Generation = YES;
				INFOPLIST_KEY_UIApplicationSupportsIndirectInputEvents = YES;
				INFOPLIST_KEY_UILaunchScreen_Generation = YES;
				INFOPLIST_KEY_UISupportedInterfaceOrientations_iPad = "UIInterfaceOrientationPortrait UIInterfaceOrientationPortraitUpsideDown UIInterfaceOrientationLandscapeLeft UIInterfaceOrientationLandscapeRight";
				INFOPLIST_KEY_UISupportedInterfaceOrientations_iPhone = "UIInterfaceOrientationPortrait UIInterfaceOrientationLandscapeLeft UIInterfaceOrientationLandscapeRight";
				LD_RUNPATH_SEARCH_PATHS = (
					"$(inherited)",
					"@executable_path/Frameworks",
				);
				MARKETING_VERSION = 1.0;
				PRODUCT_BUNDLE_IDENTIFIER = "victory.ios-Network-Calculator";
				PRODUCT_NAME = "$(TARGET_NAME)";
				SWIFT_EMIT_LOC_STRINGS = YES;
				SWIFT_VERSION = 5.0;
				TARGETED_DEVICE_FAMILY = "1,2";
			};
			name = Release;
		};
		573BDFB82A6C7FCB0077DE45 /* Debug */ = {
			isa = XCBuildConfiguration;
			buildSettings = {
				ALWAYS_EMBED_SWIFT_STANDARD_LIBRARIES = YES;
				BUNDLE_LOADER = "$(TEST_HOST)";
				CODE_SIGN_STYLE = Automatic;
				CURRENT_PROJECT_VERSION = 1;
				GENERATE_INFOPLIST_FILE = YES;
				IPHONEOS_DEPLOYMENT_TARGET = 17.0;
				MARKETING_VERSION = 1.0;
				PRODUCT_BUNDLE_IDENTIFIER = "victory.ios-Network-CalculatorTests";
				PRODUCT_NAME = "$(TARGET_NAME)";
				SWIFT_EMIT_LOC_STRINGS = NO;
				SWIFT_VERSION = 5.0;
				TARGETED_DEVICE_FAMILY = "1,2";
				TEST_HOST = "$(BUILT_PRODUCTS_DIR)/ios Network Calculator.app/$(BUNDLE_EXECUTABLE_FOLDER_PATH)/ios Network Calculator";
			};
			name = Debug;
		};
		573BDFB92A6C7FCB0077DE45 /* Release */ = {
			isa = XCBuildConfiguration;
			buildSettings = {
				ALWAYS_EMBED_SWIFT_STANDARD_LIBRARIES = YES;
				BUNDLE_LOADER = "$(TEST_HOST)";
				CODE_SIGN_STYLE = Automatic;
				CURRENT_PROJECT_VERSION = 1;
				GENERATE_INFOPLIST_FILE = YES;
				IPHONEOS_DEPLOYMENT_TARGET = 17.0;
				MARKETING_VERSION = 1.0;
				PRODUCT_BUNDLE_IDENTIFIER = "victory.ios-Network-CalculatorTests";
				PRODUCT_NAME = "$(TARGET_NAME)";
				SWIFT_EMIT_LOC_STRINGS = NO;
				SWIFT_VERSION = 5.0;
				TARGETED_DEVICE_FAMILY = "1,2";
				TEST_HOST = "$(BUILT_PRODUCTS_DIR)/ios Network Calculator.app/$(BUNDLE_EXECUTABLE_FOLDER_PATH)/ios Network Calculator";
			};
			name = Release;
		};
		573BDFBB2A6C7FCB0077DE45 /* Debug */ = {
			isa = XCBuildConfiguration;
			buildSettings = {
				ALWAYS_EMBED_SWIFT_STANDARD_LIBRARIES = YES;
				CODE_SIGN_STYLE = Automatic;
				CURRENT_PROJECT_VERSION = 1;
				GENERATE_INFOPLIST_FILE = YES;
				MARKETING_VERSION = 1.0;
				PRODUCT_BUNDLE_IDENTIFIER = "victory.ios-Network-CalculatorUITests";
				PRODUCT_NAME = "$(TARGET_NAME)";
				SWIFT_EMIT_LOC_STRINGS = NO;
				SWIFT_VERSION = 5.0;
				TARGETED_DEVICE_FAMILY = "1,2";
				TEST_TARGET_NAME = "ios Network Calculator";
			};
			name = Debug;
		};
		573BDFBC2A6C7FCB0077DE45 /* Release */ = {
			isa = XCBuildConfiguration;
			buildSettings = {
				ALWAYS_EMBED_SWIFT_STANDARD_LIBRARIES = YES;
				CODE_SIGN_STYLE = Automatic;
				CURRENT_PROJECT_VERSION = 1;
				GENERATE_INFOPLIST_FILE = YES;
				MARKETING_VERSION = 1.0;
				PRODUCT_BUNDLE_IDENTIFIER = "victory.ios-Network-CalculatorUITests";
				PRODUCT_NAME = "$(TARGET_NAME)";
				SWIFT_EMIT_LOC_STRINGS = NO;
				SWIFT_VERSION = 5.0;
				TARGETED_DEVICE_FAMILY = "1,2";
				TEST_TARGET_NAME = "ios Network Calculator";
			};
			name = Release;
		};
/* End XCBuildConfiguration section */

/* Begin XCConfigurationList section */
		573BDF8B2A6C7FC80077DE45 /* Build configuration list for PBXProject "ios Network Calculator" */ = {
			isa = XCConfigurationList;
			buildConfigurations = (
				573BDFB22A6C7FCB0077DE45 /* Debug */,
				573BDFB32A6C7FCB0077DE45 /* Release */,
			);
			defaultConfigurationIsVisible = 0;
			defaultConfigurationName = Release;
		};
		573BDFB42A6C7FCB0077DE45 /* Build configuration list for PBXNativeTarget "ios Network Calculator" */ = {
			isa = XCConfigurationList;
			buildConfigurations = (
				573BDFB52A6C7FCB0077DE45 /* Debug */,
				573BDFB62A6C7FCB0077DE45 /* Release */,
			);
			defaultConfigurationIsVisible = 0;
			defaultConfigurationName = Release;
		};
		573BDFB72A6C7FCB0077DE45 /* Build configuration list for PBXNativeTarget "ios Network CalculatorTests" */ = {
			isa = XCConfigurationList;
			buildConfigurations = (
				573BDFB82A6C7FCB0077DE45 /* Debug */,
				573BDFB92A6C7FCB0077DE45 /* Release */,
			);
			defaultConfigurationIsVisible = 0;
			defaultConfigurationName = Release;
		};
		573BDFBA2A6C7FCB0077DE45 /* Build configuration list for PBXNativeTarget "ios Network CalculatorUITests" */ = {
			isa = XCConfigurationList;
			buildConfigurations = (
				573BDFBB2A6C7FCB0077DE45 /* Debug */,
				573BDFBC2A6C7FCB0077DE45 /* Release */,
			);
			defaultConfigurationIsVisible = 0;
			defaultConfigurationName = Release;
		};
/* End XCConfigurationList section */
	};
	rootObject = 573BDF882A6C7FC80077DE45 /* Project object */;
}
